// !$*UTF8*$!
{
	archiveVersion = 1;
	classes = {
	};
	objectVersion = 56;
	objects = {

/* Begin PBXBuildFile section */
		4C0445EE291D8E58000A8819 /* Server.swift in Sources */ = {isa = PBXBuildFile; fileRef = 4C0445ED291D8E58000A8819 /* Server.swift */; };
		4C16188B2906F60A0029EB09 /* animationConnectedView.json in Resources */ = {isa = PBXBuildFile; fileRef = 4C16188A2906F60A0029EB09 /* animationConnectedView.json */; };
		4C16188F2906FC9F0029EB09 /* Extension+UIView.swift in Sources */ = {isa = PBXBuildFile; fileRef = 4C16188E2906FC9F0029EB09 /* Extension+UIView.swift */; };
		4C1618912907FF210029EB09 /* ServerListViewController.swift in Sources */ = {isa = PBXBuildFile; fileRef = 4C1618902907FF210029EB09 /* ServerListViewController.swift */; };
		4C3540202902A78600570BD9 /* Lottie in Frameworks */ = {isa = PBXBuildFile; productRef = 4C35401F2902A78600570BD9 /* Lottie */; };
		4C3540282902B3FE00570BD9 /* disconnectedView.json in Resources */ = {isa = PBXBuildFile; fileRef = 4C3540272902B3FE00570BD9 /* disconnectedView.json */; };
		4C35402A2902B8FE00570BD9 /* connectedView.json in Resources */ = {isa = PBXBuildFile; fileRef = 4C3540292902B8FE00570BD9 /* connectedView.json */; };
		4C35402C2902BCB900570BD9 /* connectingView.json in Resources */ = {isa = PBXBuildFile; fileRef = 4C35402B2902BCB900570BD9 /* connectingView.json */; };
		4C35402E2902C6D600570BD9 /* closeConnectionView.json in Resources */ = {isa = PBXBuildFile; fileRef = 4C35402D2902C6D600570BD9 /* closeConnectionView.json */; };
		4C3DD80D290BE7E000346171 /* Extension+UIApplication.swift in Sources */ = {isa = PBXBuildFile; fileRef = 4C3DD80C290BE7E000346171 /* Extension+UIApplication.swift */; };
		4C72C7F529098A0A0091F296 /* SettingsViewController.swift in Sources */ = {isa = PBXBuildFile; fileRef = 4C72C7F429098A0A0091F296 /* SettingsViewController.swift */; };
		4C72C804290AFF2D0091F296 /* CustomTableViewCell.swift in Sources */ = {isa = PBXBuildFile; fileRef = 4C72C803290AFF2D0091F296 /* CustomTableViewCell.swift */; };
		4CA4496A2922A19900E4D8D8 /* StorageManager.swift in Sources */ = {isa = PBXBuildFile; fileRef = 4CA449692922A19900E4D8D8 /* StorageManager.swift */; };
		4CB00803291BC11D00091085 /* VpnManager.swift in Sources */ = {isa = PBXBuildFile; fileRef = 4CB00802291BC11D00091085 /* VpnManager.swift */; };
		4CE1CEE428FEB1F900E6C30E /* AppDelegate.swift in Sources */ = {isa = PBXBuildFile; fileRef = 4CE1CEE328FEB1F900E6C30E /* AppDelegate.swift */; };
		4CE1CEE628FEB1F900E6C30E /* SceneDelegate.swift in Sources */ = {isa = PBXBuildFile; fileRef = 4CE1CEE528FEB1F900E6C30E /* SceneDelegate.swift */; };
		4CE1CEE828FEB1F900E6C30E /* MainViewController.swift in Sources */ = {isa = PBXBuildFile; fileRef = 4CE1CEE728FEB1F900E6C30E /* MainViewController.swift */; };
		4CE1CEED28FEB1FA00E6C30E /* Assets.xcassets in Resources */ = {isa = PBXBuildFile; fileRef = 4CE1CEEC28FEB1FA00E6C30E /* Assets.xcassets */; };
		4CE1CEF028FEB1FA00E6C30E /* LaunchScreen.storyboard in Resources */ = {isa = PBXBuildFile; fileRef = 4CE1CEEE28FEB1FA00E6C30E /* LaunchScreen.storyboard */; };
		4CE1CEF928FEB2ED00E6C30E /* OpenVPNAdapter in Frameworks */ = {isa = PBXBuildFile; productRef = 4CE1CEF828FEB2ED00E6C30E /* OpenVPNAdapter */; };
		4CE1CF0228FEB36900E6C30E /* NetworkExtension.framework in Frameworks */ = {isa = PBXBuildFile; fileRef = 4CE1CF0128FEB36900E6C30E /* NetworkExtension.framework */; };
		4CE1CF0528FEB36900E6C30E /* PacketTunnelProvider.swift in Sources */ = {isa = PBXBuildFile; fileRef = 4CE1CF0428FEB36900E6C30E /* PacketTunnelProvider.swift */; };
		4CE1CF0A28FEB36900E6C30E /* tunnel.appex in Embed Foundation Extensions */ = {isa = PBXBuildFile; fileRef = 4CE1CEFF28FEB36900E6C30E /* tunnel.appex */; settings = {ATTRIBUTES = (RemoveHeadersOnCopy, ); }; };
		4CE1CF1028FEB3A400E6C30E /* OpenVPNAdapter in Frameworks */ = {isa = PBXBuildFile; productRef = 4CE1CF0F28FEB3A400E6C30E /* OpenVPNAdapter */; };
		4CE1CF1228FEB46300E6C30E /* Then.swift in Sources */ = {isa = PBXBuildFile; fileRef = 4CE1CF1128FEB46300E6C30E /* Then.swift */; };
		4CE1CF1428FEB6E900E6C30E /* SystemConfiguration.framework in Frameworks */ = {isa = PBXBuildFile; fileRef = 4CE1CF1328FEB6E900E6C30E /* SystemConfiguration.framework */; };
		4CE1CF1528FEB70500E6C30E /* SystemConfiguration.framework in Frameworks */ = {isa = PBXBuildFile; fileRef = 4CE1CF1328FEB6E900E6C30E /* SystemConfiguration.framework */; };
		4CE1CF1728FEB71C00E6C30E /* UIKit.framework in Frameworks */ = {isa = PBXBuildFile; fileRef = 4CE1CF1628FEB71C00E6C30E /* UIKit.framework */; };
/* End PBXBuildFile section */

/* Begin PBXContainerItemProxy section */
		4CE1CF0828FEB36900E6C30E /* PBXContainerItemProxy */ = {
			isa = PBXContainerItemProxy;
			containerPortal = 4CE1CED828FEB1F900E6C30E /* Project object */;
			proxyType = 1;
			remoteGlobalIDString = 4CE1CEFE28FEB36900E6C30E;
			remoteInfo = tunnel;
		};
/* End PBXContainerItemProxy section */

/* Begin PBXCopyFilesBuildPhase section */
		4CE1CF0E28FEB36900E6C30E /* Embed Foundation Extensions */ = {
			isa = PBXCopyFilesBuildPhase;
			buildActionMask = 2147483647;
			dstPath = "";
			dstSubfolderSpec = 13;
			files = (
				4CE1CF0A28FEB36900E6C30E /* tunnel.appex in Embed Foundation Extensions */,
			);
			name = "Embed Foundation Extensions";
			runOnlyForDeploymentPostprocessing = 0;
		};
/* End PBXCopyFilesBuildPhase section */

/* Begin PBXFileReference section */
		4C0445ED291D8E58000A8819 /* Server.swift */ = {isa = PBXFileReference; lastKnownFileType = sourcecode.swift; path = Server.swift; sourceTree = "<group>"; };
		4C16188A2906F60A0029EB09 /* animationConnectedView.json */ = {isa = PBXFileReference; fileEncoding = 4; lastKnownFileType = text.json; path = animationConnectedView.json; sourceTree = "<group>"; };
		4C16188E2906FC9F0029EB09 /* Extension+UIView.swift */ = {isa = PBXFileReference; lastKnownFileType = sourcecode.swift; path = "Extension+UIView.swift"; sourceTree = "<group>"; };
		4C1618902907FF210029EB09 /* ServerListViewController.swift */ = {isa = PBXFileReference; lastKnownFileType = sourcecode.swift; path = ServerListViewController.swift; sourceTree = "<group>"; };
		4C3540272902B3FE00570BD9 /* disconnectedView.json */ = {isa = PBXFileReference; fileEncoding = 4; lastKnownFileType = text.json; path = disconnectedView.json; sourceTree = "<group>"; };
		4C3540292902B8FE00570BD9 /* connectedView.json */ = {isa = PBXFileReference; fileEncoding = 4; lastKnownFileType = text.json; path = connectedView.json; sourceTree = "<group>"; };
		4C35402B2902BCB900570BD9 /* connectingView.json */ = {isa = PBXFileReference; fileEncoding = 4; lastKnownFileType = text.json; path = connectingView.json; sourceTree = "<group>"; };
		4C35402D2902C6D600570BD9 /* closeConnectionView.json */ = {isa = PBXFileReference; fileEncoding = 4; lastKnownFileType = text.json; path = closeConnectionView.json; sourceTree = "<group>"; };
		4C3DD80C290BE7E000346171 /* Extension+UIApplication.swift */ = {isa = PBXFileReference; lastKnownFileType = sourcecode.swift; path = "Extension+UIApplication.swift"; sourceTree = "<group>"; };
		4C72C7F429098A0A0091F296 /* SettingsViewController.swift */ = {isa = PBXFileReference; lastKnownFileType = sourcecode.swift; path = SettingsViewController.swift; sourceTree = "<group>"; };
		4C72C803290AFF2D0091F296 /* CustomTableViewCell.swift */ = {isa = PBXFileReference; lastKnownFileType = sourcecode.swift; path = CustomTableViewCell.swift; sourceTree = "<group>"; };
		4CA449692922A19900E4D8D8 /* StorageManager.swift */ = {isa = PBXFileReference; lastKnownFileType = sourcecode.swift; path = StorageManager.swift; sourceTree = "<group>"; };
		4CB00802291BC11D00091085 /* VpnManager.swift */ = {isa = PBXFileReference; lastKnownFileType = sourcecode.swift; path = VpnManager.swift; sourceTree = "<group>"; };
		4CE1CEE028FEB1F900E6C30E /* TR VPN.app */ = {isa = PBXFileReference; explicitFileType = wrapper.application; includeInIndex = 0; path = "TR VPN.app"; sourceTree = BUILT_PRODUCTS_DIR; };
		4CE1CEE328FEB1F900E6C30E /* AppDelegate.swift */ = {isa = PBXFileReference; lastKnownFileType = sourcecode.swift; path = AppDelegate.swift; sourceTree = "<group>"; };
		4CE1CEE528FEB1F900E6C30E /* SceneDelegate.swift */ = {isa = PBXFileReference; lastKnownFileType = sourcecode.swift; path = SceneDelegate.swift; sourceTree = "<group>"; };
		4CE1CEE728FEB1F900E6C30E /* MainViewController.swift */ = {isa = PBXFileReference; lastKnownFileType = sourcecode.swift; path = MainViewController.swift; sourceTree = "<group>"; };
		4CE1CEEC28FEB1FA00E6C30E /* Assets.xcassets */ = {isa = PBXFileReference; lastKnownFileType = folder.assetcatalog; path = Assets.xcassets; sourceTree = "<group>"; };
		4CE1CEEF28FEB1FA00E6C30E /* Base */ = {isa = PBXFileReference; lastKnownFileType = file.storyboard; name = Base; path = Base.lproj/LaunchScreen.storyboard; sourceTree = "<group>"; };
		4CE1CEF128FEB1FA00E6C30E /* Info.plist */ = {isa = PBXFileReference; lastKnownFileType = text.plist.xml; path = Info.plist; sourceTree = "<group>"; };
		4CE1CEFA28FEB2FB00E6C30E /* TR VPN.entitlements */ = {isa = PBXFileReference; lastKnownFileType = text.plist.entitlements; path = "TR VPN.entitlements"; sourceTree = "<group>"; };
		4CE1CEFF28FEB36900E6C30E /* tunnel.appex */ = {isa = PBXFileReference; explicitFileType = "wrapper.app-extension"; includeInIndex = 0; path = tunnel.appex; sourceTree = BUILT_PRODUCTS_DIR; };
		4CE1CF0128FEB36900E6C30E /* NetworkExtension.framework */ = {isa = PBXFileReference; lastKnownFileType = wrapper.framework; name = NetworkExtension.framework; path = System/Library/Frameworks/NetworkExtension.framework; sourceTree = SDKROOT; };
		4CE1CF0428FEB36900E6C30E /* PacketTunnelProvider.swift */ = {isa = PBXFileReference; lastKnownFileType = sourcecode.swift; path = PacketTunnelProvider.swift; sourceTree = "<group>"; };
		4CE1CF0628FEB36900E6C30E /* Info.plist */ = {isa = PBXFileReference; lastKnownFileType = text.plist.xml; path = Info.plist; sourceTree = "<group>"; };
		4CE1CF0728FEB36900E6C30E /* tunnel.entitlements */ = {isa = PBXFileReference; lastKnownFileType = text.plist.entitlements; path = tunnel.entitlements; sourceTree = "<group>"; };
		4CE1CF1128FEB46300E6C30E /* Then.swift */ = {isa = PBXFileReference; lastKnownFileType = sourcecode.swift; path = Then.swift; sourceTree = "<group>"; };
		4CE1CF1328FEB6E900E6C30E /* SystemConfiguration.framework */ = {isa = PBXFileReference; lastKnownFileType = wrapper.framework; name = SystemConfiguration.framework; path = System/Library/Frameworks/SystemConfiguration.framework; sourceTree = SDKROOT; };
		4CE1CF1628FEB71C00E6C30E /* UIKit.framework */ = {isa = PBXFileReference; lastKnownFileType = wrapper.framework; name = UIKit.framework; path = System/Library/Frameworks/UIKit.framework; sourceTree = SDKROOT; };
/* End PBXFileReference section */

/* Begin PBXFrameworksBuildPhase section */
		4CE1CEDD28FEB1F900E6C30E /* Frameworks */ = {
			isa = PBXFrameworksBuildPhase;
			buildActionMask = 2147483647;
			files = (
				4CE1CF1428FEB6E900E6C30E /* SystemConfiguration.framework in Frameworks */,
				4CE1CEF928FEB2ED00E6C30E /* OpenVPNAdapter in Frameworks */,
				4C3540202902A78600570BD9 /* Lottie in Frameworks */,
			);
			runOnlyForDeploymentPostprocessing = 0;
		};
		4CE1CEFC28FEB36900E6C30E /* Frameworks */ = {
			isa = PBXFrameworksBuildPhase;
			buildActionMask = 2147483647;
			files = (
				4CE1CF0228FEB36900E6C30E /* NetworkExtension.framework in Frameworks */,
				4CE1CF1728FEB71C00E6C30E /* UIKit.framework in Frameworks */,
				4CE1CF1528FEB70500E6C30E /* SystemConfiguration.framework in Frameworks */,
				4CE1CF1028FEB3A400E6C30E /* OpenVPNAdapter in Frameworks */,
			);
			runOnlyForDeploymentPostprocessing = 0;
		};
/* End PBXFrameworksBuildPhase section */

/* Begin PBXGroup section */
		4C0445EC291D8E45000A8819 /* Models */ = {
			isa = PBXGroup;
			children = (
				4C0445ED291D8E58000A8819 /* Server.swift */,
			);
			path = Models;
			sourceTree = "<group>";
		};
		4C35402F2902C6DC00570BD9 /* Animations */ = {
			isa = PBXGroup;
			children = (
				4C35402D2902C6D600570BD9 /* closeConnectionView.json */,
				4C35402B2902BCB900570BD9 /* connectingView.json */,
				4C3540292902B8FE00570BD9 /* connectedView.json */,
				4C3540272902B3FE00570BD9 /* disconnectedView.json */,
				4C16188A2906F60A0029EB09 /* animationConnectedView.json */,
			);
			path = Animations;
			sourceTree = "<group>";
		};
		4C72C7F6290AD50A0091F296 /* ViewControllers */ = {
			isa = PBXGroup;
			children = (
				4CE1CEE728FEB1F900E6C30E /* MainViewController.swift */,
				4C1618902907FF210029EB09 /* ServerListViewController.swift */,
				4C72C7F429098A0A0091F296 /* SettingsViewController.swift */,
			);
			path = ViewControllers;
			sourceTree = "<group>";
		};
		4C72C7F7290AD52B0091F296 /* Configurations */ = {
			isa = PBXGroup;
			children = (
			);
			path = Configurations;
			sourceTree = "<group>";
		};
		4C72C7FB290AD58D0091F296 /* Extentions */ = {
			isa = PBXGroup;
			children = (
				4C16188E2906FC9F0029EB09 /* Extension+UIView.swift */,
				4C3DD80C290BE7E000346171 /* Extension+UIApplication.swift */,
			);
			path = Extentions;
			sourceTree = "<group>";
		};
		4C72C7FC290AD5BB0091F296 /* Storyboards */ = {
			isa = PBXGroup;
			children = (
				4CE1CEEE28FEB1FA00E6C30E /* LaunchScreen.storyboard */,
			);
			path = Storyboards;
			sourceTree = "<group>";
		};
		4C72C7FD290AD5DA0091F296 /* App */ = {
			isa = PBXGroup;
			children = (
				4CE1CEFA28FEB2FB00E6C30E /* TR VPN.entitlements */,
				4CE1CEE328FEB1F900E6C30E /* AppDelegate.swift */,
				4CE1CEE528FEB1F900E6C30E /* SceneDelegate.swift */,
				4CE1CEF128FEB1FA00E6C30E /* Info.plist */,
			);
			path = App;
			sourceTree = "<group>";
		};
		4C72C802290AFF090091F296 /* Views */ = {
			isa = PBXGroup;
			children = (
				4C72C803290AFF2D0091F296 /* CustomTableViewCell.swift */,
			);
			path = Views;
			sourceTree = "<group>";
		};
		4CB00801291BC10700091085 /* Services */ = {
			isa = PBXGroup;
			children = (
				4CB00802291BC11D00091085 /* VpnManager.swift */,
				4CA449692922A19900E4D8D8 /* StorageManager.swift */,
			);
			path = Services;
			sourceTree = "<group>";
		};
		4CE1CED728FEB1F900E6C30E = {
			isa = PBXGroup;
			children = (
				4CE1CEE228FEB1F900E6C30E /* TR VPN */,
				4CE1CF0328FEB36900E6C30E /* tunnel */,
				4CE1CF0028FEB36900E6C30E /* Frameworks */,
				4CE1CEE128FEB1F900E6C30E /* Products */,
			);
			sourceTree = "<group>";
		};
		4CE1CEE128FEB1F900E6C30E /* Products */ = {
			isa = PBXGroup;
			children = (
				4CE1CEE028FEB1F900E6C30E /* TR VPN.app */,
				4CE1CEFF28FEB36900E6C30E /* tunnel.appex */,
			);
			name = Products;
			sourceTree = "<group>";
		};
		4CE1CEE228FEB1F900E6C30E /* TR VPN */ = {
			isa = PBXGroup;
			children = (
				4C0445EC291D8E45000A8819 /* Models */,
				4CB00801291BC10700091085 /* Services */,
				4C72C7FB290AD58D0091F296 /* Extentions */,
				4C72C802290AFF090091F296 /* Views */,
				4C72C7F6290AD50A0091F296 /* ViewControllers */,
				4C35402F2902C6DC00570BD9 /* Animations */,
				4C72C7FC290AD5BB0091F296 /* Storyboards */,
				4C72C7FD290AD5DA0091F296 /* App */,
				4C72C7F7290AD52B0091F296 /* Configurations */,
				4CE1CEEC28FEB1FA00E6C30E /* Assets.xcassets */,
			);
			path = "TR VPN";
			sourceTree = "<group>";
		};
		4CE1CF0028FEB36900E6C30E /* Frameworks */ = {
			isa = PBXGroup;
			children = (
				4CE1CF1628FEB71C00E6C30E /* UIKit.framework */,
				4CE1CF1328FEB6E900E6C30E /* SystemConfiguration.framework */,
				4CE1CF0128FEB36900E6C30E /* NetworkExtension.framework */,
			);
			name = Frameworks;
			sourceTree = "<group>";
		};
		4CE1CF0328FEB36900E6C30E /* tunnel */ = {
			isa = PBXGroup;
			children = (
				4CE1CF0428FEB36900E6C30E /* PacketTunnelProvider.swift */,
				4CE1CF0628FEB36900E6C30E /* Info.plist */,
				4CE1CF0728FEB36900E6C30E /* tunnel.entitlements */,
				4CE1CF1128FEB46300E6C30E /* Then.swift */,
			);
			path = tunnel;
			sourceTree = "<group>";
		};
/* End PBXGroup section */

/* Begin PBXNativeTarget section */
		4CE1CEDF28FEB1F900E6C30E /* TR VPN */ = {
			isa = PBXNativeTarget;
			buildConfigurationList = 4CE1CEF428FEB1FA00E6C30E /* Build configuration list for PBXNativeTarget "TR VPN" */;
			buildPhases = (
				4CE1CEDC28FEB1F900E6C30E /* Sources */,
				4CE1CEDD28FEB1F900E6C30E /* Frameworks */,
				4CE1CEDE28FEB1F900E6C30E /* Resources */,
				4CE1CF0E28FEB36900E6C30E /* Embed Foundation Extensions */,
			);
			buildRules = (
			);
			dependencies = (
				4CE1CF0928FEB36900E6C30E /* PBXTargetDependency */,
			);
			name = "TR VPN";
			packageProductDependencies = (
				4CE1CEF828FEB2ED00E6C30E /* OpenVPNAdapter */,
				4C35401F2902A78600570BD9 /* Lottie */,
			);
			productName = "TR VPN";
			productReference = 4CE1CEE028FEB1F900E6C30E /* TR VPN.app */;
			productType = "com.apple.product-type.application";
		};
		4CE1CEFE28FEB36900E6C30E /* tunnel */ = {
			isa = PBXNativeTarget;
			buildConfigurationList = 4CE1CF0B28FEB36900E6C30E /* Build configuration list for PBXNativeTarget "tunnel" */;
			buildPhases = (
				4CE1CEFB28FEB36900E6C30E /* Sources */,
				4CE1CEFC28FEB36900E6C30E /* Frameworks */,
				4CE1CEFD28FEB36900E6C30E /* Resources */,
			);
			buildRules = (
			);
			dependencies = (
			);
			name = tunnel;
			packageProductDependencies = (
				4CE1CF0F28FEB3A400E6C30E /* OpenVPNAdapter */,
			);
			productName = tunnel;
			productReference = 4CE1CEFF28FEB36900E6C30E /* tunnel.appex */;
			productType = "com.apple.product-type.app-extension";
		};
/* End PBXNativeTarget section */

/* Begin PBXProject section */
		4CE1CED828FEB1F900E6C30E /* Project object */ = {
			isa = PBXProject;
			attributes = {
				BuildIndependentTargetsInParallel = 1;
				LastSwiftUpdateCheck = 1400;
				LastUpgradeCheck = 1400;
				TargetAttributes = {
					4CE1CEDF28FEB1F900E6C30E = {
						CreatedOnToolsVersion = 14.0.1;
					};
					4CE1CEFE28FEB36900E6C30E = {
						CreatedOnToolsVersion = 14.0.1;
					};
				};
			};
			buildConfigurationList = 4CE1CEDB28FEB1F900E6C30E /* Build configuration list for PBXProject "TR VPN" */;
			compatibilityVersion = "Xcode 14.0";
			developmentRegion = en;
			hasScannedForEncodings = 0;
			knownRegions = (
				en,
				Base,
			);
			mainGroup = 4CE1CED728FEB1F900E6C30E;
			packageReferences = (
				4CE1CEF728FEB2ED00E6C30E /* XCRemoteSwiftPackageReference "OpenVPNAdapter" */,
				4C35401E2902A78500570BD9 /* XCRemoteSwiftPackageReference "lottie-ios" */,
			);
			productRefGroup = 4CE1CEE128FEB1F900E6C30E /* Products */;
			projectDirPath = "";
			projectRoot = "";
			targets = (
				4CE1CEDF28FEB1F900E6C30E /* TR VPN */,
				4CE1CEFE28FEB36900E6C30E /* tunnel */,
			);
		};
/* End PBXProject section */

/* Begin PBXResourcesBuildPhase section */
		4CE1CEDE28FEB1F900E6C30E /* Resources */ = {
			isa = PBXResourcesBuildPhase;
			buildActionMask = 2147483647;
			files = (
				4C35402C2902BCB900570BD9 /* connectingView.json in Resources */,
				4C16188B2906F60A0029EB09 /* animationConnectedView.json in Resources */,
				4CE1CEF028FEB1FA00E6C30E /* LaunchScreen.storyboard in Resources */,
				4C35402A2902B8FE00570BD9 /* connectedView.json in Resources */,
				4CE1CEED28FEB1FA00E6C30E /* Assets.xcassets in Resources */,
				4C35402E2902C6D600570BD9 /* closeConnectionView.json in Resources */,
				4C3540282902B3FE00570BD9 /* disconnectedView.json in Resources */,
			);
			runOnlyForDeploymentPostprocessing = 0;
		};
		4CE1CEFD28FEB36900E6C30E /* Resources */ = {
			isa = PBXResourcesBuildPhase;
			buildActionMask = 2147483647;
			files = (
			);
			runOnlyForDeploymentPostprocessing = 0;
		};
/* End PBXResourcesBuildPhase section */

/* Begin PBXSourcesBuildPhase section */
		4CE1CEDC28FEB1F900E6C30E /* Sources */ = {
			isa = PBXSourcesBuildPhase;
			buildActionMask = 2147483647;
			files = (
				4C0445EE291D8E58000A8819 /* Server.swift in Sources */,
				4CE1CEE828FEB1F900E6C30E /* MainViewController.swift in Sources */,
				4CA4496A2922A19900E4D8D8 /* StorageManager.swift in Sources */,
				4C72C804290AFF2D0091F296 /* CustomTableViewCell.swift in Sources */,
				4CE1CEE428FEB1F900E6C30E /* AppDelegate.swift in Sources */,
				4CB00803291BC11D00091085 /* VpnManager.swift in Sources */,
				4C1618912907FF210029EB09 /* ServerListViewController.swift in Sources */,
				4C16188F2906FC9F0029EB09 /* Extension+UIView.swift in Sources */,
				4CE1CEE628FEB1F900E6C30E /* SceneDelegate.swift in Sources */,
				4C3DD80D290BE7E000346171 /* Extension+UIApplication.swift in Sources */,
				4C72C7F529098A0A0091F296 /* SettingsViewController.swift in Sources */,
			);
			runOnlyForDeploymentPostprocessing = 0;
		};
		4CE1CEFB28FEB36900E6C30E /* Sources */ = {
			isa = PBXSourcesBuildPhase;
			buildActionMask = 2147483647;
			files = (
				4CE1CF1228FEB46300E6C30E /* Then.swift in Sources */,
				4CE1CF0528FEB36900E6C30E /* PacketTunnelProvider.swift in Sources */,
			);
			runOnlyForDeploymentPostprocessing = 0;
		};
/* End PBXSourcesBuildPhase section */

/* Begin PBXTargetDependency section */
		4CE1CF0928FEB36900E6C30E /* PBXTargetDependency */ = {
			isa = PBXTargetDependency;
			target = 4CE1CEFE28FEB36900E6C30E /* tunnel */;
			targetProxy = 4CE1CF0828FEB36900E6C30E /* PBXContainerItemProxy */;
		};
/* End PBXTargetDependency section */

/* Begin PBXVariantGroup section */
		4CE1CEEE28FEB1FA00E6C30E /* LaunchScreen.storyboard */ = {
			isa = PBXVariantGroup;
			children = (
				4CE1CEEF28FEB1FA00E6C30E /* Base */,
			);
			name = LaunchScreen.storyboard;
			sourceTree = "<group>";
		};
/* End PBXVariantGroup section */

/* Begin XCBuildConfiguration section */
		4CE1CEF228FEB1FA00E6C30E /* Debug */ = {
			isa = XCBuildConfiguration;
			buildSettings = {
				ALWAYS_SEARCH_USER_PATHS = NO;
				APP_BUILD = 3;
				APP_VERSION = 0.4.3;
				CLANG_ANALYZER_NONNULL = YES;
				CLANG_ANALYZER_NUMBER_OBJECT_CONVERSION = YES_AGGRESSIVE;
				CLANG_CXX_LANGUAGE_STANDARD = "gnu++20";
				CLANG_ENABLE_MODULES = YES;
				CLANG_ENABLE_OBJC_ARC = YES;
				CLANG_ENABLE_OBJC_WEAK = YES;
				CLANG_WARN_BLOCK_CAPTURE_AUTORELEASING = YES;
				CLANG_WARN_BOOL_CONVERSION = YES;
				CLANG_WARN_COMMA = YES;
				CLANG_WARN_CONSTANT_CONVERSION = YES;
				CLANG_WARN_DEPRECATED_OBJC_IMPLEMENTATIONS = YES;
				CLANG_WARN_DIRECT_OBJC_ISA_USAGE = YES_ERROR;
				CLANG_WARN_DOCUMENTATION_COMMENTS = YES;
				CLANG_WARN_EMPTY_BODY = YES;
				CLANG_WARN_ENUM_CONVERSION = YES;
				CLANG_WARN_INFINITE_RECURSION = YES;
				CLANG_WARN_INT_CONVERSION = YES;
				CLANG_WARN_NON_LITERAL_NULL_CONVERSION = YES;
				CLANG_WARN_OBJC_IMPLICIT_RETAIN_SELF = YES;
				CLANG_WARN_OBJC_LITERAL_CONVERSION = YES;
				CLANG_WARN_OBJC_ROOT_CLASS = YES_ERROR;
				CLANG_WARN_QUOTED_INCLUDE_IN_FRAMEWORK_HEADER = YES;
				CLANG_WARN_RANGE_LOOP_ANALYSIS = YES;
				CLANG_WARN_STRICT_PROTOTYPES = YES;
				CLANG_WARN_SUSPICIOUS_MOVE = YES;
				CLANG_WARN_UNGUARDED_AVAILABILITY = YES_AGGRESSIVE;
				CLANG_WARN_UNREACHABLE_CODE = YES;
				CLANG_WARN__DUPLICATE_METHOD_MATCH = YES;
				COPY_PHASE_STRIP = NO;
				DEBUG_INFORMATION_FORMAT = dwarf;
				ENABLE_STRICT_OBJC_MSGSEND = YES;
				ENABLE_TESTABILITY = YES;
				GCC_C_LANGUAGE_STANDARD = gnu11;
				GCC_DYNAMIC_NO_PIC = NO;
				GCC_NO_COMMON_BLOCKS = YES;
				GCC_OPTIMIZATION_LEVEL = 0;
				GCC_PREPROCESSOR_DEFINITIONS = (
					"DEBUG=1",
					"$(inherited)",
				);
				GCC_WARN_64_TO_32_BIT_CONVERSION = YES;
				GCC_WARN_ABOUT_RETURN_TYPE = YES_ERROR;
				GCC_WARN_UNDECLARED_SELECTOR = YES;
				GCC_WARN_UNINITIALIZED_AUTOS = YES_AGGRESSIVE;
				GCC_WARN_UNUSED_FUNCTION = YES;
				GCC_WARN_UNUSED_VARIABLE = YES;
				IPHONEOS_DEPLOYMENT_TARGET = 13.0;
				MTL_ENABLE_DEBUG_INFO = INCLUDE_SOURCE;
				MTL_FAST_MATH = YES;
				ONLY_ACTIVE_ARCH = YES;
				OTHER_LDFLAGS = "-ObjC";
				SDKROOT = iphoneos;
				SWIFT_ACTIVE_COMPILATION_CONDITIONS = DEBUG;
				SWIFT_OPTIMIZATION_LEVEL = "-Onone";
			};
			name = Debug;
		};
		4CE1CEF328FEB1FA00E6C30E /* Release */ = {
			isa = XCBuildConfiguration;
			buildSettings = {
				ALWAYS_SEARCH_USER_PATHS = NO;
				APP_BUILD = 3;
				APP_VERSION = 0.4.3;
				CLANG_ANALYZER_NONNULL = YES;
				CLANG_ANALYZER_NUMBER_OBJECT_CONVERSION = YES_AGGRESSIVE;
				CLANG_CXX_LANGUAGE_STANDARD = "gnu++20";
				CLANG_ENABLE_MODULES = YES;
				CLANG_ENABLE_OBJC_ARC = YES;
				CLANG_ENABLE_OBJC_WEAK = YES;
				CLANG_WARN_BLOCK_CAPTURE_AUTORELEASING = YES;
				CLANG_WARN_BOOL_CONVERSION = YES;
				CLANG_WARN_COMMA = YES;
				CLANG_WARN_CONSTANT_CONVERSION = YES;
				CLANG_WARN_DEPRECATED_OBJC_IMPLEMENTATIONS = YES;
				CLANG_WARN_DIRECT_OBJC_ISA_USAGE = YES_ERROR;
				CLANG_WARN_DOCUMENTATION_COMMENTS = YES;
				CLANG_WARN_EMPTY_BODY = YES;
				CLANG_WARN_ENUM_CONVERSION = YES;
				CLANG_WARN_INFINITE_RECURSION = YES;
				CLANG_WARN_INT_CONVERSION = YES;
				CLANG_WARN_NON_LITERAL_NULL_CONVERSION = YES;
				CLANG_WARN_OBJC_IMPLICIT_RETAIN_SELF = YES;
				CLANG_WARN_OBJC_LITERAL_CONVERSION = YES;
				CLANG_WARN_OBJC_ROOT_CLASS = YES_ERROR;
				CLANG_WARN_QUOTED_INCLUDE_IN_FRAMEWORK_HEADER = YES;
				CLANG_WARN_RANGE_LOOP_ANALYSIS = YES;
				CLANG_WARN_STRICT_PROTOTYPES = YES;
				CLANG_WARN_SUSPICIOUS_MOVE = YES;
				CLANG_WARN_UNGUARDED_AVAILABILITY = YES_AGGRESSIVE;
				CLANG_WARN_UNREACHABLE_CODE = YES;
				CLANG_WARN__DUPLICATE_METHOD_MATCH = YES;
				COPY_PHASE_STRIP = NO;
				DEBUG_INFORMATION_FORMAT = "dwarf-with-dsym";
				ENABLE_NS_ASSERTIONS = NO;
				ENABLE_STRICT_OBJC_MSGSEND = YES;
				GCC_C_LANGUAGE_STANDARD = gnu11;
				GCC_NO_COMMON_BLOCKS = YES;
				GCC_WARN_64_TO_32_BIT_CONVERSION = YES;
				GCC_WARN_ABOUT_RETURN_TYPE = YES_ERROR;
				GCC_WARN_UNDECLARED_SELECTOR = YES;
				GCC_WARN_UNINITIALIZED_AUTOS = YES_AGGRESSIVE;
				GCC_WARN_UNUSED_FUNCTION = YES;
				GCC_WARN_UNUSED_VARIABLE = YES;
				IPHONEOS_DEPLOYMENT_TARGET = 13.0;
				MTL_ENABLE_DEBUG_INFO = NO;
				MTL_FAST_MATH = YES;
				OTHER_LDFLAGS = "-ObjC";
				SDKROOT = iphoneos;
				SWIFT_COMPILATION_MODE = wholemodule;
				SWIFT_OPTIMIZATION_LEVEL = "-O";
				VALIDATE_PRODUCT = YES;
			};
			name = Release;
		};
		4CE1CEF528FEB1FA00E6C30E /* Debug */ = {
			isa = XCBuildConfiguration;
			buildSettings = {
				ALWAYS_EMBED_SWIFT_STANDARD_LIBRARIES = YES;
				ASSETCATALOG_COMPILER_APPICON_NAME = AppIcon;
				ASSETCATALOG_COMPILER_GLOBAL_ACCENT_COLOR_NAME = AccentColor;
				CODE_SIGN_ENTITLEMENTS = "TR VPN/App/TR VPN.entitlements";
				CODE_SIGN_STYLE = Automatic;
				CURRENT_PROJECT_VERSION = 3;
				DEVELOPMENT_TEAM = 87898T57Q4;
				GENERATE_INFOPLIST_FILE = YES;
				INFOPLIST_FILE = "TR VPN/App/Info.plist";
				INFOPLIST_KEY_UIApplicationSupportsIndirectInputEvents = YES;
				INFOPLIST_KEY_UILaunchStoryboardName = LaunchScreen;
				INFOPLIST_KEY_UIRequiresFullScreen = YES;
				INFOPLIST_KEY_UIStatusBarStyle = "";
				INFOPLIST_KEY_UISupportedInterfaceOrientations = UIInterfaceOrientationPortrait;
				IPHONEOS_DEPLOYMENT_TARGET = 13.0;
				LD_RUNPATH_SEARCH_PATHS = (
					"$(inherited)",
					"@executable_path/Frameworks",
				);
				MARKETING_VERSION = 0.4.3;
				PRODUCT_BUNDLE_IDENTIFIER = "com.iliagusarov.TR-VPN";
				PRODUCT_NAME = "$(TARGET_NAME)";
				SUPPORTED_PLATFORMS = "iphoneos iphonesimulator";
				SUPPORTS_MACCATALYST = NO;
				SUPPORTS_MAC_DESIGNED_FOR_IPHONE_IPAD = NO;
				SWIFT_EMIT_LOC_STRINGS = YES;
				SWIFT_VERSION = 5.0;
				TARGETED_DEVICE_FAMILY = "1,2";
			};
			name = Debug;
		};
		4CE1CEF628FEB1FA00E6C30E /* Release */ = {
			isa = XCBuildConfiguration;
			buildSettings = {
				ALWAYS_EMBED_SWIFT_STANDARD_LIBRARIES = YES;
				ASSETCATALOG_COMPILER_APPICON_NAME = AppIcon;
				ASSETCATALOG_COMPILER_GLOBAL_ACCENT_COLOR_NAME = AccentColor;
				CODE_SIGN_ENTITLEMENTS = "TR VPN/App/TR VPN.entitlements";
				CODE_SIGN_STYLE = Automatic;
				CURRENT_PROJECT_VERSION = 3;
				DEVELOPMENT_TEAM = 87898T57Q4;
				GENERATE_INFOPLIST_FILE = YES;
				INFOPLIST_FILE = "TR VPN/App/Info.plist";
				INFOPLIST_KEY_UIApplicationSupportsIndirectInputEvents = YES;
				INFOPLIST_KEY_UILaunchStoryboardName = LaunchScreen;
				INFOPLIST_KEY_UIRequiresFullScreen = YES;
				INFOPLIST_KEY_UIStatusBarStyle = "";
				INFOPLIST_KEY_UISupportedInterfaceOrientations = UIInterfaceOrientationPortrait;
				IPHONEOS_DEPLOYMENT_TARGET = 13.0;
				LD_RUNPATH_SEARCH_PATHS = (
					"$(inherited)",
					"@executable_path/Frameworks",
				);
				MARKETING_VERSION = 0.4.3;
				PRODUCT_BUNDLE_IDENTIFIER = "com.iliagusarov.TR-VPN";
				PRODUCT_NAME = "$(TARGET_NAME)";
				SUPPORTED_PLATFORMS = "iphoneos iphonesimulator";
				SUPPORTS_MACCATALYST = NO;
				SUPPORTS_MAC_DESIGNED_FOR_IPHONE_IPAD = NO;
				SWIFT_EMIT_LOC_STRINGS = YES;
				SWIFT_VERSION = 5.0;
				TARGETED_DEVICE_FAMILY = "1,2";
			};
			name = Release;
		};
		4CE1CF0C28FEB36900E6C30E /* Debug */ = {
			isa = XCBuildConfiguration;
			buildSettings = {
				CODE_SIGN_ENTITLEMENTS = tunnel/tunnel.entitlements;
				CODE_SIGN_STYLE = Automatic;
				CURRENT_PROJECT_VERSION = 3;
				DEVELOPMENT_TEAM = 87898T57Q4;
				GENERATE_INFOPLIST_FILE = YES;
				INFOPLIST_FILE = tunnel/Info.plist;
				INFOPLIST_KEY_CFBundleDisplayName = "OpenVPN Tunnel Provider";
				INFOPLIST_KEY_NSHumanReadableCopyright = "";
				LD_RUNPATH_SEARCH_PATHS = (
					"$(inherited)",
					"@executable_path/Frameworks",
					"@executable_path/../../Frameworks",
				);
				MARKETING_VERSION = 0.4.3;
				PRODUCT_BUNDLE_IDENTIFIER = "com.iliagusarov.TR-VPN.tunnel";
				PRODUCT_NAME = "$(TARGET_NAME)";
				SKIP_INSTALL = YES;
				SWIFT_EMIT_LOC_STRINGS = YES;
				SWIFT_VERSION = 5.0;
				TARGETED_DEVICE_FAMILY = "1,2";
			};
			name = Debug;
		};
		4CE1CF0D28FEB36900E6C30E /* Release */ = {
			isa = XCBuildConfiguration;
			buildSettings = {
				CODE_SIGN_ENTITLEMENTS = tunnel/tunnel.entitlements;
				CODE_SIGN_STYLE = Automatic;
				CURRENT_PROJECT_VERSION = 3;
				DEVELOPMENT_TEAM = 87898T57Q4;
				GENERATE_INFOPLIST_FILE = YES;
				INFOPLIST_FILE = tunnel/Info.plist;
				INFOPLIST_KEY_CFBundleDisplayName = "OpenVPN Tunnel Provider";
				INFOPLIST_KEY_NSHumanReadableCopyright = "";
				LD_RUNPATH_SEARCH_PATHS = (
					"$(inherited)",
					"@executable_path/Frameworks",
					"@executable_path/../../Frameworks",
				);
				MARKETING_VERSION = 0.4.3;
				PRODUCT_BUNDLE_IDENTIFIER = "com.iliagusarov.TR-VPN.tunnel";
				PRODUCT_NAME = "$(TARGET_NAME)";
				SKIP_INSTALL = YES;
				SWIFT_EMIT_LOC_STRINGS = YES;
				SWIFT_VERSION = 5.0;
				TARGETED_DEVICE_FAMILY = "1,2";
			};
			name = Release;
		};
/* End XCBuildConfiguration section */

/* Begin XCConfigurationList section */
		4CE1CEDB28FEB1F900E6C30E /* Build configuration list for PBXProject "TR VPN" */ = {
			isa = XCConfigurationList;
			buildConfigurations = (
				4CE1CEF228FEB1FA00E6C30E /* Debug */,
				4CE1CEF328FEB1FA00E6C30E /* Release */,
			);
			defaultConfigurationIsVisible = 0;
			defaultConfigurationName = Release;
		};
		4CE1CEF428FEB1FA00E6C30E /* Build configuration list for PBXNativeTarget "TR VPN" */ = {
			isa = XCConfigurationList;
			buildConfigurations = (
				4CE1CEF528FEB1FA00E6C30E /* Debug */,
				4CE1CEF628FEB1FA00E6C30E /* Release */,
			);
			defaultConfigurationIsVisible = 0;
			defaultConfigurationName = Release;
		};
		4CE1CF0B28FEB36900E6C30E /* Build configuration list for PBXNativeTarget "tunnel" */ = {
			isa = XCConfigurationList;
			buildConfigurations = (
				4CE1CF0C28FEB36900E6C30E /* Debug */,
				4CE1CF0D28FEB36900E6C30E /* Release */,
			);
			defaultConfigurationIsVisible = 0;
			defaultConfigurationName = Release;
		};
/* End XCConfigurationList section */

/* Begin XCRemoteSwiftPackageReference section */
		4C35401E2902A78500570BD9 /* XCRemoteSwiftPackageReference "lottie-ios" */ = {
			isa = XCRemoteSwiftPackageReference;
			repositoryURL = "https://github.com/airbnb/lottie-ios.git";
			requirement = {
				kind = upToNextMajorVersion;
				minimumVersion = 3.0.0;
			};
		};
		4CE1CEF728FEB2ED00E6C30E /* XCRemoteSwiftPackageReference "OpenVPNAdapter" */ = {
			isa = XCRemoteSwiftPackageReference;
			repositoryURL = "https://github.com/ss-abramchuk/OpenVPNAdapter";
			requirement = {
				kind = upToNextMajorVersion;
				minimumVersion = 0.8.0;
			};
		};
/* End XCRemoteSwiftPackageReference section */

/* Begin XCSwiftPackageProductDependency section */
		4C35401F2902A78600570BD9 /* Lottie */ = {
			isa = XCSwiftPackageProductDependency;
			package = 4C35401E2902A78500570BD9 /* XCRemoteSwiftPackageReference "lottie-ios" */;
			productName = Lottie;
		};
		4CE1CEF828FEB2ED00E6C30E /* OpenVPNAdapter */ = {
			isa = XCSwiftPackageProductDependency;
			package = 4CE1CEF728FEB2ED00E6C30E /* XCRemoteSwiftPackageReference "OpenVPNAdapter" */;
			productName = OpenVPNAdapter;
		};
		4CE1CF0F28FEB3A400E6C30E /* OpenVPNAdapter */ = {
			isa = XCSwiftPackageProductDependency;
			package = 4CE1CEF728FEB2ED00E6C30E /* XCRemoteSwiftPackageReference "OpenVPNAdapter" */;
			productName = OpenVPNAdapter;
		};
/* End XCSwiftPackageProductDependency section */
	};
	rootObject = 4CE1CED828FEB1F900E6C30E /* Project object */;
}
